
Microsoft Visual Studio Solution File, Format Version 12.00
# Visual Studio 14
VisualStudioVersion = 14.0.25420.1
MinimumVisualStudioVersion = 10.0.40219.1
Project("{2150E333-8FDC-42A3-9474-1A3956D46DE8}") = "src", "src", "{4E835619-B946-49DB-957F-F8B9B50BCCA2}"
EndProject
Project("{2150E333-8FDC-42A3-9474-1A3956D46DE8}") = "Solution Items", "Solution Items", "{B1B548F5-0698-40D7-8C82-C40C850A7FBF}"
	ProjectSection(SolutionItems) = preProject
		global.json = global.json
	EndProjectSection
EndProject
Project("{8BB2217D-0F2D-49D1-97BC-3654ED321F3B}") = "TradSim.Exchange.Service", "src\TradSim.Exchange.Service\TradSim.Exchange.Service.xproj", "{DC7ACDCA-C41C-491E-9AE8-7F29CF91BEA9}"
EndProject
Project("{8BB2217D-0F2D-49D1-97BC-3654ED321F3B}") = "TradSim.Exchange", "src\TradSim.Exchange\TradSim.Exchange.xproj", "{64E88F10-262D-4BB3-AD3D-3A4A8BE6AF01}"
EndProject
Project("{2150E333-8FDC-42A3-9474-1A3956D46DE8}") = "test", "test", "{C031B735-D7C4-4DE9-A69E-1D8AA0336789}"
EndProject
Project("{8BB2217D-0F2D-49D1-97BC-3654ED321F3B}") = "TradSim.Exchange.Tests.Unit", "test\TradSim.Exchange.Tests.Unit\TradSim.Exchange.Tests.Unit.xproj", "{BB8CEDB1-E36A-48CD-BC81-DA13A06C944B}"
EndProject
Global
	GlobalSection(SolutionConfigurationPlatforms) = preSolution
		Debug|Any CPU = Debug|Any CPU
		Release|Any CPU = Release|Any CPU
	EndGlobalSection
	GlobalSection(ProjectConfigurationPlatforms) = postSolution
		{DC7ACDCA-C41C-491E-9AE8-7F29CF91BEA9}.Debug|Any CPU.ActiveCfg = Debug|Any CPU
		{DC7ACDCA-C41C-491E-9AE8-7F29CF91BEA9}.Debug|Any CPU.Build.0 = Debug|Any CPU
		{DC7ACDCA-C41C-491E-9AE8-7F29CF91BEA9}.Release|Any CPU.ActiveCfg = Release|Any CPU
		{DC7ACDCA-C41C-491E-9AE8-7F29CF91BEA9}.Release|Any CPU.Build.0 = Release|Any CPU
		{64E88F10-262D-4BB3-AD3D-3A4A8BE6AF01}.Debug|Any CPU.ActiveCfg = Debug|Any CPU
		{64E88F10-262D-4BB3-AD3D-3A4A8BE6AF01}.Debug|Any CPU.Build.0 = Debug|Any CPU
		{64E88F10-262D-4BB3-AD3D-3A4A8BE6AF01}.Release|Any CPU.ActiveCfg = Release|Any CPU
		{64E88F10-262D-4BB3-AD3D-3A4A8BE6AF01}.Release|Any CPU.Build.0 = Release|Any CPU
		{BB8CEDB1-E36A-48CD-BC81-DA13A06C944B}.Debug|Any CPU.ActiveCfg = Debug|Any CPU
		{BB8CEDB1-E36A-48CD-BC81-DA13A06C944B}.Debug|Any CPU.Build.0 = Debug|Any CPU
		{BB8CEDB1-E36A-48CD-BC81-DA13A06C944B}.Release|Any CPU.ActiveCfg = Release|Any CPU
		{BB8CEDB1-E36A-48CD-BC81-DA13A06C944B}.Release|Any CPU.Build.0 = Release|Any CPU
	EndGlobalSection
	GlobalSection(SolutionProperties) = preSolution
		HideSolutionNode = FALSE
	EndGlobalSection
	GlobalSection(NestedProjects) = preSolution
		{DC7ACDCA-C41C-491E-9AE8-7F29CF91BEA9} = {4E835619-B946-49DB-957F-F8B9B50BCCA2}
		{64E88F10-262D-4BB3-AD3D-3A4A8BE6AF01} = {4E835619-B946-49DB-957F-F8B9B50BCCA2}
		{BB8CEDB1-E36A-48CD-BC81-DA13A06C944B} = {C031B735-D7C4-4DE9-A69E-1D8AA0336789}
	EndGlobalSection
EndGlobal
